
Microsoft Visual Studio Solution File, Format Version 12.00
# Visual Studio Version 17
VisualStudioVersion = 17.5.2.0
MinimumVisualStudioVersion = 10.0.40219.1
Project("{9A19103F-16F7-4668-BE54-9A1E7A4F7556}") = "XiansAi.Lib", "XiansAi.Lib.Src\XiansAi.Lib.csproj", "{73D33622-7E67-4EE9-9A57-904355463AAF}"
EndProject
Project("{FAE04EC0-301F-11D3-BF4B-00C04F79EFBC}") = "XiansAi.Lib.Tests", "XiansAi.Lib.Tests\XiansAi.Lib.Tests.csproj", "{610B8C0E-8FD8-47B9-8F8B-039DB6745AB0}"
EndProject
Project("{FAE04EC0-301F-11D3-BF4B-00C04F79EFBC}") = "Xians.Lib", "Xians.Lib\Xians.Lib.csproj", "{B8F3E5D2-9A1C-4D7E-8F2B-1C3D4E5F6A7B}"
EndProject
Project("{FAE04EC0-301F-11D3-BF4B-00C04F79EFBC}") = "Xians.Lib.Tests", "Xians.Lib.Tests\Xians.Lib.Tests.csproj", "{45FB618A-2CC8-4FF8-BA78-481E2044523E}"
EndProject
Project("{FAE04EC0-301F-11D3-BF4B-00C04F79EFBC}") = "Xians.Agent.Sample", "Xians.Examples\LeadDiscoveryAgent\Xians.Agent.Sample.csproj", "{D540DC49-7F70-4B46-83C5-61F760A33A4A}"
EndProject
Project("{FAE04EC0-301F-11D3-BF4B-00C04F79EFBC}") = "SimpleAgent", "Xians.Examples\SimpleAgent\SimpleAgent.csproj", "{C8A3B7D9-4E6F-4A2C-9B1D-7F8E3C2A5D6B}"
EndProject
Project("{FAE04EC0-301F-11D3-BF4B-00C04F79EFBC}") = "WebhookTest", "Xians.Examples\WebhookTest\WebhookTest.csproj", "{E9F2A1B3-5C6D-4E7F-8A9B-0C1D2E3F4A5B}"
EndProject
Project("{FAE04EC0-301F-11D3-BF4B-00C04F79EFBC}") = "CustomWorkflow", "Xians.Examples\CustomWorkflow\CustomWorkflow.csproj", "{A1B2C3D4-5E6F-7A8B-9C0D-1E2F3A4B5C6D}"
EndProject
Project("{FAE04EC0-301F-11D3-BF4B-00C04F79EFBC}") = "KnowledgeAccess", "Xians.Examples\KnowledgeAccess\KnowledgeAccess.csproj", "{B2C3D4E5-6F7A-8B9C-0D1E-2F3A4B5C6D7E}"
EndProject

Global
	GlobalSection(SolutionConfigurationPlatforms) = preSolution
		Debug|Any CPU = Debug|Any CPU
		Debug|x64 = Debug|x64
		Debug|x86 = Debug|x86
		Release|Any CPU = Release|Any CPU
		Release|x64 = Release|x64
		Release|x86 = Release|x86
	EndGlobalSection
	GlobalSection(ProjectConfigurationPlatforms) = postSolution
		{73D33622-7E67-4EE9-9A57-904355463AAF}.Debug|Any CPU.ActiveCfg = Debug|Any CPU
		{73D33622-7E67-4EE9-9A57-904355463AAF}.Debug|Any CPU.Build.0 = Debug|Any CPU
		{73D33622-7E67-4EE9-9A57-904355463AAF}.Debug|x64.ActiveCfg = Debug|Any CPU
		{73D33622-7E67-4EE9-9A57-904355463AAF}.Debug|x64.Build.0 = Debug|Any CPU
		{73D33622-7E67-4EE9-9A57-904355463AAF}.Debug|x86.ActiveCfg = Debug|Any CPU
		{73D33622-7E67-4EE9-9A57-904355463AAF}.Debug|x86.Build.0 = Debug|Any CPU
		{73D33622-7E67-4EE9-9A57-904355463AAF}.Release|Any CPU.ActiveCfg = Release|Any CPU
		{73D33622-7E67-4EE9-9A57-904355463AAF}.Release|Any CPU.Build.0 = Release|Any CPU
		{73D33622-7E67-4EE9-9A57-904355463AAF}.Release|x64.ActiveCfg = Release|Any CPU
		{73D33622-7E67-4EE9-9A57-904355463AAF}.Release|x64.Build.0 = Release|Any CPU
		{73D33622-7E67-4EE9-9A57-904355463AAF}.Release|x86.ActiveCfg = Release|Any CPU
		{73D33622-7E67-4EE9-9A57-904355463AAF}.Release|x86.Build.0 = Release|Any CPU
		{610B8C0E-8FD8-47B9-8F8B-039DB6745AB0}.Debug|Any CPU.ActiveCfg = Debug|Any CPU
		{610B8C0E-8FD8-47B9-8F8B-039DB6745AB0}.Debug|Any CPU.Build.0 = Debug|Any CPU
		{610B8C0E-8FD8-47B9-8F8B-039DB6745AB0}.Debug|x64.ActiveCfg = Debug|Any CPU
		{610B8C0E-8FD8-47B9-8F8B-039DB6745AB0}.Debug|x64.Build.0 = Debug|Any CPU
		{610B8C0E-8FD8-47B9-8F8B-039DB6745AB0}.Debug|x86.ActiveCfg = Debug|Any CPU
		{610B8C0E-8FD8-47B9-8F8B-039DB6745AB0}.Debug|x86.Build.0 = Debug|Any CPU
		{610B8C0E-8FD8-47B9-8F8B-039DB6745AB0}.Release|Any CPU.ActiveCfg = Release|Any CPU
		{610B8C0E-8FD8-47B9-8F8B-039DB6745AB0}.Release|Any CPU.Build.0 = Release|Any CPU
		{610B8C0E-8FD8-47B9-8F8B-039DB6745AB0}.Release|x64.ActiveCfg = Release|Any CPU
		{610B8C0E-8FD8-47B9-8F8B-039DB6745AB0}.Release|x64.Build.0 = Release|Any CPU
		{610B8C0E-8FD8-47B9-8F8B-039DB6745AB0}.Release|x86.ActiveCfg = Release|Any CPU
		{610B8C0E-8FD8-47B9-8F8B-039DB6745AB0}.Release|x86.Build.0 = Release|Any CPU
		{B8F3E5D2-9A1C-4D7E-8F2B-1C3D4E5F6A7B}.Debug|Any CPU.ActiveCfg = Debug|Any CPU
		{B8F3E5D2-9A1C-4D7E-8F2B-1C3D4E5F6A7B}.Debug|Any CPU.Build.0 = Debug|Any CPU
		{B8F3E5D2-9A1C-4D7E-8F2B-1C3D4E5F6A7B}.Debug|x64.ActiveCfg = Debug|Any CPU
		{B8F3E5D2-9A1C-4D7E-8F2B-1C3D4E5F6A7B}.Debug|x64.Build.0 = Debug|Any CPU
		{B8F3E5D2-9A1C-4D7E-8F2B-1C3D4E5F6A7B}.Debug|x86.ActiveCfg = Debug|Any CPU
		{B8F3E5D2-9A1C-4D7E-8F2B-1C3D4E5F6A7B}.Debug|x86.Build.0 = Debug|Any CPU
		{B8F3E5D2-9A1C-4D7E-8F2B-1C3D4E5F6A7B}.Release|Any CPU.ActiveCfg = Release|Any CPU
		{B8F3E5D2-9A1C-4D7E-8F2B-1C3D4E5F6A7B}.Release|Any CPU.Build.0 = Release|Any CPU
		{B8F3E5D2-9A1C-4D7E-8F2B-1C3D4E5F6A7B}.Release|x64.ActiveCfg = Release|Any CPU
		{B8F3E5D2-9A1C-4D7E-8F2B-1C3D4E5F6A7B}.Release|x64.Build.0 = Release|Any CPU
		{B8F3E5D2-9A1C-4D7E-8F2B-1C3D4E5F6A7B}.Release|x86.ActiveCfg = Release|Any CPU
		{B8F3E5D2-9A1C-4D7E-8F2B-1C3D4E5F6A7B}.Release|x86.Build.0 = Release|Any CPU
		{45FB618A-2CC8-4FF8-BA78-481E2044523E}.Debug|Any CPU.ActiveCfg = Debug|Any CPU
		{45FB618A-2CC8-4FF8-BA78-481E2044523E}.Debug|Any CPU.Build.0 = Debug|Any CPU
		{45FB618A-2CC8-4FF8-BA78-481E2044523E}.Debug|x64.ActiveCfg = Debug|Any CPU
		{45FB618A-2CC8-4FF8-BA78-481E2044523E}.Debug|x64.Build.0 = Debug|Any CPU
		{45FB618A-2CC8-4FF8-BA78-481E2044523E}.Debug|x86.ActiveCfg = Debug|Any CPU
		{45FB618A-2CC8-4FF8-BA78-481E2044523E}.Debug|x86.Build.0 = Debug|Any CPU
		{45FB618A-2CC8-4FF8-BA78-481E2044523E}.Release|Any CPU.ActiveCfg = Release|Any CPU
		{45FB618A-2CC8-4FF8-BA78-481E2044523E}.Release|Any CPU.Build.0 = Release|Any CPU
		{45FB618A-2CC8-4FF8-BA78-481E2044523E}.Release|x64.ActiveCfg = Release|Any CPU
		{45FB618A-2CC8-4FF8-BA78-481E2044523E}.Release|x64.Build.0 = Release|Any CPU
		{45FB618A-2CC8-4FF8-BA78-481E2044523E}.Release|x86.ActiveCfg = Release|Any CPU
		{45FB618A-2CC8-4FF8-BA78-481E2044523E}.Release|x86.Build.0 = Release|Any CPU
		{D540DC49-7F70-4B46-83C5-61F760A33A4A}.Debug|Any CPU.ActiveCfg = Debug|Any CPU
		{D540DC49-7F70-4B46-83C5-61F760A33A4A}.Debug|Any CPU.Build.0 = Debug|Any CPU
		{D540DC49-7F70-4B46-83C5-61F760A33A4A}.Debug|x64.ActiveCfg = Debug|Any CPU
		{D540DC49-7F70-4B46-83C5-61F760A33A4A}.Debug|x64.Build.0 = Debug|Any CPU
		{D540DC49-7F70-4B46-83C5-61F760A33A4A}.Debug|x86.ActiveCfg = Debug|Any CPU
		{D540DC49-7F70-4B46-83C5-61F760A33A4A}.Debug|x86.Build.0 = Debug|Any CPU
		{D540DC49-7F70-4B46-83C5-61F760A33A4A}.Release|Any CPU.ActiveCfg = Release|Any CPU
		{D540DC49-7F70-4B46-83C5-61F760A33A4A}.Release|Any CPU.Build.0 = Release|Any CPU
		{D540DC49-7F70-4B46-83C5-61F760A33A4A}.Release|x64.ActiveCfg = Release|Any CPU
		{D540DC49-7F70-4B46-83C5-61F760A33A4A}.Release|x64.Build.0 = Release|Any CPU
		{D540DC49-7F70-4B46-83C5-61F760A33A4A}.Release|x86.ActiveCfg = Release|Any CPU
		{D540DC49-7F70-4B46-83C5-61F760A33A4A}.Release|x86.Build.0 = Release|Any CPU
		{C8A3B7D9-4E6F-4A2C-9B1D-7F8E3C2A5D6B}.Debug|Any CPU.ActiveCfg = Debug|Any CPU
		{C8A3B7D9-4E6F-4A2C-9B1D-7F8E3C2A5D6B}.Debug|Any CPU.Build.0 = Debug|Any CPU
		{C8A3B7D9-4E6F-4A2C-9B1D-7F8E3C2A5D6B}.Debug|x64.ActiveCfg = Debug|Any CPU
		{C8A3B7D9-4E6F-4A2C-9B1D-7F8E3C2A5D6B}.Debug|x64.Build.0 = Debug|Any CPU
		{C8A3B7D9-4E6F-4A2C-9B1D-7F8E3C2A5D6B}.Debug|x86.ActiveCfg = Debug|Any CPU
		{C8A3B7D9-4E6F-4A2C-9B1D-7F8E3C2A5D6B}.Debug|x86.Build.0 = Debug|Any CPU
		{C8A3B7D9-4E6F-4A2C-9B1D-7F8E3C2A5D6B}.Release|Any CPU.ActiveCfg = Release|Any CPU
		{C8A3B7D9-4E6F-4A2C-9B1D-7F8E3C2A5D6B}.Release|Any CPU.Build.0 = Release|Any CPU
		{C8A3B7D9-4E6F-4A2C-9B1D-7F8E3C2A5D6B}.Release|x64.ActiveCfg = Release|Any CPU
		{C8A3B7D9-4E6F-4A2C-9B1D-7F8E3C2A5D6B}.Release|x64.Build.0 = Release|Any CPU
		{C8A3B7D9-4E6F-4A2C-9B1D-7F8E3C2A5D6B}.Release|x86.ActiveCfg = Release|Any CPU
		{C8A3B7D9-4E6F-4A2C-9B1D-7F8E3C2A5D6B}.Release|x86.Build.0 = Release|Any CPU
		{E9F2A1B3-5C6D-4E7F-8A9B-0C1D2E3F4A5B}.Debug|Any CPU.ActiveCfg = Debug|Any CPU
		{E9F2A1B3-5C6D-4E7F-8A9B-0C1D2E3F4A5B}.Debug|Any CPU.Build.0 = Debug|Any CPU
		{E9F2A1B3-5C6D-4E7F-8A9B-0C1D2E3F4A5B}.Debug|x64.ActiveCfg = Debug|Any CPU
		{E9F2A1B3-5C6D-4E7F-8A9B-0C1D2E3F4A5B}.Debug|x64.Build.0 = Debug|Any CPU
		{E9F2A1B3-5C6D-4E7F-8A9B-0C1D2E3F4A5B}.Debug|x86.ActiveCfg = Debug|Any CPU
		{E9F2A1B3-5C6D-4E7F-8A9B-0C1D2E3F4A5B}.Debug|x86.Build.0 = Debug|Any CPU
		{E9F2A1B3-5C6D-4E7F-8A9B-0C1D2E3F4A5B}.Release|Any CPU.ActiveCfg = Release|Any CPU
		{E9F2A1B3-5C6D-4E7F-8A9B-0C1D2E3F4A5B}.Release|Any CPU.Build.0 = Release|Any CPU
		{E9F2A1B3-5C6D-4E7F-8A9B-0C1D2E3F4A5B}.Release|x64.ActiveCfg = Release|Any CPU
		{E9F2A1B3-5C6D-4E7F-8A9B-0C1D2E3F4A5B}.Release|x64.Build.0 = Release|Any CPU
		{E9F2A1B3-5C6D-4E7F-8A9B-0C1D2E3F4A5B}.Release|x86.ActiveCfg = Release|Any CPU
		{E9F2A1B3-5C6D-4E7F-8A9B-0C1D2E3F4A5B}.Release|x86.Build.0 = Release|Any CPU
		{A1B2C3D4-5E6F-7A8B-9C0D-1E2F3A4B5C6D}.Debug|Any CPU.ActiveCfg = Debug|Any CPU
		{A1B2C3D4-5E6F-7A8B-9C0D-1E2F3A4B5C6D}.Debug|Any CPU.Build.0 = Debug|Any CPU
		{A1B2C3D4-5E6F-7A8B-9C0D-1E2F3A4B5C6D}.Debug|x64.ActiveCfg = Debug|Any CPU
		{A1B2C3D4-5E6F-7A8B-9C0D-1E2F3A4B5C6D}.Debug|x64.Build.0 = Debug|Any CPU
		{A1B2C3D4-5E6F-7A8B-9C0D-1E2F3A4B5C6D}.Debug|x86.ActiveCfg = Debug|Any CPU
		{A1B2C3D4-5E6F-7A8B-9C0D-1E2F3A4B5C6D}.Debug|x86.Build.0 = Debug|Any CPU
		{A1B2C3D4-5E6F-7A8B-9C0D-1E2F3A4B5C6D}.Release|Any CPU.ActiveCfg = Release|Any CPU
		{A1B2C3D4-5E6F-7A8B-9C0D-1E2F3A4B5C6D}.Release|Any CPU.Build.0 = Release|Any CPU
		{A1B2C3D4-5E6F-7A8B-9C0D-1E2F3A4B5C6D}.Release|x64.ActiveCfg = Release|Any CPU
		{A1B2C3D4-5E6F-7A8B-9C0D-1E2F3A4B5C6D}.Release|x64.Build.0 = Release|Any CPU
		{A1B2C3D4-5E6F-7A8B-9C0D-1E2F3A4B5C6D}.Release|x86.ActiveCfg = Release|Any CPU
		{A1B2C3D4-5E6F-7A8B-9C0D-1E2F3A4B5C6D}.Release|x86.Build.0 = Release|Any CPU
		{B2C3D4E5-6F7A-8B9C-0D1E-2F3A4B5C6D7E}.Debug|Any CPU.ActiveCfg = Debug|Any CPU
		{B2C3D4E5-6F7A-8B9C-0D1E-2F3A4B5C6D7E}.Debug|Any CPU.Build.0 = Debug|Any CPU
		{B2C3D4E5-6F7A-8B9C-0D1E-2F3A4B5C6D7E}.Debug|x64.ActiveCfg = Debug|Any CPU
		{B2C3D4E5-6F7A-8B9C-0D1E-2F3A4B5C6D7E}.Debug|x64.Build.0 = Debug|Any CPU
		{B2C3D4E5-6F7A-8B9C-0D1E-2F3A4B5C6D7E}.Debug|x86.ActiveCfg = Debug|Any CPU
		{B2C3D4E5-6F7A-8B9C-0D1E-2F3A4B5C6D7E}.Debug|x86.Build.0 = Debug|Any CPU
		{B2C3D4E5-6F7A-8B9C-0D1E-2F3A4B5C6D7E}.Release|Any CPU.ActiveCfg = Release|Any CPU
		{B2C3D4E5-6F7A-8B9C-0D1E-2F3A4B5C6D7E}.Release|Any CPU.Build.0 = Release|Any CPU
		{B2C3D4E5-6F7A-8B9C-0D1E-2F3A4B5C6D7E}.Release|x64.ActiveCfg = Release|Any CPU
		{B2C3D4E5-6F7A-8B9C-0D1E-2F3A4B5C6D7E}.Release|x64.Build.0 = Release|Any CPU
		{B2C3D4E5-6F7A-8B9C-0D1E-2F3A4B5C6D7E}.Release|x86.ActiveCfg = Release|Any CPU
		{B2C3D4E5-6F7A-8B9C-0D1E-2F3A4B5C6D7E}.Release|x86.Build.0 = Release|Any CPU
	EndGlobalSection
	GlobalSection(SolutionProperties) = preSolution
		HideSolutionNode = FALSE
	EndGlobalSection
	GlobalSection(ExtensibilityGlobals) = postSolution
		SolutionGuid = {E584929F-681D-40C4-B1D5-0DABDB8A1EAB}
	EndGlobalSection
EndGlobal
